// !$*UTF8*$!
{
	archiveVersion = 1;
	classes = {
	};
	objectVersion = 46;
	objects = {

/* Begin PBXBuildFile section */
		AE321E261C82472A000D0BAF /* AppDelegate.swift in Sources */ = {isa = PBXBuildFile; fileRef = AE321E251C82472A000D0BAF /* AppDelegate.swift */; };
		AE321E2D1C82472A000D0BAF /* Main.storyboard in Resources */ = {isa = PBXBuildFile; fileRef = AE321E2B1C82472A000D0BAF /* Main.storyboard */; };
		AE321E2F1C82472A000D0BAF /* Assets.xcassets in Resources */ = {isa = PBXBuildFile; fileRef = AE321E2E1C82472A000D0BAF /* Assets.xcassets */; };
		AE321E321C82472A000D0BAF /* LaunchScreen.storyboard in Resources */ = {isa = PBXBuildFile; fileRef = AE321E301C82472A000D0BAF /* LaunchScreen.storyboard */; };
		AE7FB28B1C83CA1B00399293 /* JobsVC.swift in Sources */ = {isa = PBXBuildFile; fileRef = AE7FB28A1C83CA1B00399293 /* JobsVC.swift */; };
		AEE588461CCDA33D00CA96B4 /* JobCell.swift in Sources */ = {isa = PBXBuildFile; fileRef = AEE588451CCDA33D00CA96B4 /* JobCell.swift */; };
		AEF4A0641C82488D005526DF /* ShareViewController.swift in Sources */ = {isa = PBXBuildFile; fileRef = AEF4A0631C82488D005526DF /* ShareViewController.swift */; };
		AEF4A0671C82488D005526DF /* MainInterface.storyboard in Resources */ = {isa = PBXBuildFile; fileRef = AEF4A0651C82488D005526DF /* MainInterface.storyboard */; };
		AEF4A06B1C82488D005526DF /* job-saver.appex in Embed App Extensions */ = {isa = PBXBuildFile; fileRef = AEF4A0611C82488D005526DF /* job-saver.appex */; settings = {ATTRIBUTES = (RemoveHeadersOnCopy, ); }; };
		AEFCCD521C824A3500560F4A /* Assets.xcassets in Resources */ = {isa = PBXBuildFile; fileRef = AE321E2E1C82472A000D0BAF /* Assets.xcassets */; };
/* End PBXBuildFile section */

/* Begin PBXContainerItemProxy section */
		AEF4A0691C82488D005526DF /* PBXContainerItemProxy */ = {
			isa = PBXContainerItemProxy;
			containerPortal = AE321E1A1C82472A000D0BAF /* Project object */;
			proxyType = 1;
			remoteGlobalIDString = AEF4A0601C82488D005526DF;
			remoteInfo = "job-saver";
		};
/* End PBXContainerItemProxy section */

/* Begin PBXCopyFilesBuildPhase section */
		AEF4A06F1C82488D005526DF /* Embed App Extensions */ = {
			isa = PBXCopyFilesBuildPhase;
			buildActionMask = 2147483647;
			dstPath = "";
			dstSubfolderSpec = 13;
			files = (
				AEF4A06B1C82488D005526DF /* job-saver.appex in Embed App Extensions */,
			);
			name = "Embed App Extensions";
			runOnlyForDeploymentPostprocessing = 0;
		};
/* End PBXCopyFilesBuildPhase section */

/* Begin PBXFileReference section */
		AE321E221C82472A000D0BAF /* job-search.app */ = {isa = PBXFileReference; explicitFileType = wrapper.application; includeInIndex = 0; path = "job-search.app"; sourceTree = BUILT_PRODUCTS_DIR; };
		AE321E251C82472A000D0BAF /* AppDelegate.swift */ = {isa = PBXFileReference; lastKnownFileType = sourcecode.swift; path = AppDelegate.swift; sourceTree = "<group>"; };
		AE321E2C1C82472A000D0BAF /* Base */ = {isa = PBXFileReference; lastKnownFileType = file.storyboard; name = Base; path = Base.lproj/Main.storyboard; sourceTree = "<group>"; };
		AE321E2E1C82472A000D0BAF /* Assets.xcassets */ = {isa = PBXFileReference; lastKnownFileType = folder.assetcatalog; path = Assets.xcassets; sourceTree = "<group>"; };
		AE321E311C82472A000D0BAF /* Base */ = {isa = PBXFileReference; lastKnownFileType = file.storyboard; name = Base; path = Base.lproj/LaunchScreen.storyboard; sourceTree = "<group>"; };
		AE321E331C82472A000D0BAF /* Info.plist */ = {isa = PBXFileReference; lastKnownFileType = text.plist.xml; path = Info.plist; sourceTree = "<group>"; };
		AE7FB28A1C83CA1B00399293 /* JobsVC.swift */ = {isa = PBXFileReference; fileEncoding = 4; lastKnownFileType = sourcecode.swift; path = JobsVC.swift; sourceTree = "<group>"; };
		AE7FB28E1C83D12400399293 /* job-search.entitlements */ = {isa = PBXFileReference; lastKnownFileType = text.xml; path = "job-search.entitlements"; sourceTree = "<group>"; };
		AE7FB28F1C83D18F00399293 /* job-saver.entitlements */ = {isa = PBXFileReference; lastKnownFileType = text.xml; path = "job-saver.entitlements"; sourceTree = "<group>"; };
		AEE588451CCDA33D00CA96B4 /* JobCell.swift */ = {isa = PBXFileReference; fileEncoding = 4; lastKnownFileType = sourcecode.swift; path = JobCell.swift; sourceTree = "<group>"; };
		AEF4A0611C82488D005526DF /* job-saver.appex */ = {isa = PBXFileReference; explicitFileType = "wrapper.app-extension"; includeInIndex = 0; path = "job-saver.appex"; sourceTree = BUILT_PRODUCTS_DIR; };
		AEF4A0631C82488D005526DF /* ShareViewController.swift */ = {isa = PBXFileReference; lastKnownFileType = sourcecode.swift; path = ShareViewController.swift; sourceTree = "<group>"; };
		AEF4A0661C82488D005526DF /* Base */ = {isa = PBXFileReference; lastKnownFileType = file.storyboard; name = Base; path = Base.lproj/MainInterface.storyboard; sourceTree = "<group>"; };
		AEF4A0681C82488D005526DF /* Info.plist */ = {isa = PBXFileReference; lastKnownFileType = text.plist.xml; path = Info.plist; sourceTree = "<group>"; };
/* End PBXFileReference section */

/* Begin PBXFrameworksBuildPhase section */
		AE321E1F1C82472A000D0BAF /* Frameworks */ = {
			isa = PBXFrameworksBuildPhase;
			buildActionMask = 2147483647;
			files = (
			);
			runOnlyForDeploymentPostprocessing = 0;
		};
		AEF4A05E1C82488D005526DF /* Frameworks */ = {
			isa = PBXFrameworksBuildPhase;
			buildActionMask = 2147483647;
			files = (
			);
			runOnlyForDeploymentPostprocessing = 0;
		};
/* End PBXFrameworksBuildPhase section */

/* Begin PBXGroup section */
		AE321E191C82472A000D0BAF = {
			isa = PBXGroup;
			children = (
				AE321E241C82472A000D0BAF /* job-search */,
				AEF4A0621C82488D005526DF /* job-saver */,
				AE321E231C82472A000D0BAF /* Products */,
			);
			sourceTree = "<group>";
		};
		AE321E231C82472A000D0BAF /* Products */ = {
			isa = PBXGroup;
			children = (
				AE321E221C82472A000D0BAF /* job-search.app */,
				AEF4A0611C82488D005526DF /* job-saver.appex */,
			);
			name = Products;
			sourceTree = "<group>";
		};
		AE321E241C82472A000D0BAF /* job-search */ = {
			isa = PBXGroup;
			children = (
				AE7FB28E1C83D12400399293 /* job-search.entitlements */,
				AE321E251C82472A000D0BAF /* AppDelegate.swift */,
				AE321E2B1C82472A000D0BAF /* Main.storyboard */,
				AE321E2E1C82472A000D0BAF /* Assets.xcassets */,
				AE321E301C82472A000D0BAF /* LaunchScreen.storyboard */,
				AE321E331C82472A000D0BAF /* Info.plist */,
				AE7FB28A1C83CA1B00399293 /* JobsVC.swift */,
				AEE588451CCDA33D00CA96B4 /* JobCell.swift */,
			);
			path = "job-search";
			sourceTree = "<group>";
		};
		AEF4A0621C82488D005526DF /* job-saver */ = {
			isa = PBXGroup;
			children = (
				AE7FB28F1C83D18F00399293 /* job-saver.entitlements */,
				AEF4A0631C82488D005526DF /* ShareViewController.swift */,
				AEF4A0651C82488D005526DF /* MainInterface.storyboard */,
				AEF4A0681C82488D005526DF /* Info.plist */,
			);
			path = "job-saver";
			sourceTree = "<group>";
		};
/* End PBXGroup section */

/* Begin PBXNativeTarget section */
		AE321E211C82472A000D0BAF /* job-search */ = {
			isa = PBXNativeTarget;
			buildConfigurationList = AE321E361C82472A000D0BAF /* Build configuration list for PBXNativeTarget "job-search" */;
			buildPhases = (
				AE321E1E1C82472A000D0BAF /* Sources */,
				AE321E1F1C82472A000D0BAF /* Frameworks */,
				AE321E201C82472A000D0BAF /* Resources */,
				AEF4A06F1C82488D005526DF /* Embed App Extensions */,
			);
			buildRules = (
			);
			dependencies = (
				AEF4A06A1C82488D005526DF /* PBXTargetDependency */,
			);
			name = "job-search";
			productName = "job-search";
			productReference = AE321E221C82472A000D0BAF /* job-search.app */;
			productType = "com.apple.product-type.application";
		};
		AEF4A0601C82488D005526DF /* job-saver */ = {
			isa = PBXNativeTarget;
			buildConfigurationList = AEF4A06E1C82488D005526DF /* Build configuration list for PBXNativeTarget "job-saver" */;
			buildPhases = (
				AEF4A05D1C82488D005526DF /* Sources */,
				AEF4A05E1C82488D005526DF /* Frameworks */,
				AEF4A05F1C82488D005526DF /* Resources */,
			);
			buildRules = (
			);
			dependencies = (
			);
			name = "job-saver";
			productName = "job-saver";
			productReference = AEF4A0611C82488D005526DF /* job-saver.appex */;
			productType = "com.apple.product-type.app-extension";
		};
/* End PBXNativeTarget section */

/* Begin PBXProject section */
		AE321E1A1C82472A000D0BAF /* Project object */ = {
			isa = PBXProject;
			attributes = {
				LastSwiftUpdateCheck = 0720;
				LastUpgradeCheck = 0720;
				ORGANIZATIONNAME = sundeep;
				TargetAttributes = {
					AE321E211C82472A000D0BAF = {
						CreatedOnToolsVersion = 7.2.1;
						DevelopmentTeam = M3NJ52HVCE;
						SystemCapabilities = {
							com.apple.ApplicationGroups.iOS = {
								enabled = 1;
							};
						};
					};
					AEF4A0601C82488D005526DF = {
						CreatedOnToolsVersion = 7.2.1;
						DevelopmentTeam = M3NJ52HVCE;
						SystemCapabilities = {
							com.apple.ApplicationGroups.iOS = {
								enabled = 1;
							};
						};
					};
				};
			};
			buildConfigurationList = AE321E1D1C82472A000D0BAF /* Build configuration list for PBXProject "job-search" */;
			compatibilityVersion = "Xcode 3.2";
			developmentRegion = English;
			hasScannedForEncodings = 0;
			knownRegions = (
				en,
				Base,
			);
			mainGroup = AE321E191C82472A000D0BAF;
			productRefGroup = AE321E231C82472A000D0BAF /* Products */;
			projectDirPath = "";
			projectRoot = "";
			targets = (
				AE321E211C82472A000D0BAF /* job-search */,
				AEF4A0601C82488D005526DF /* job-saver */,
			);
		};
/* End PBXProject section */

/* Begin PBXResourcesBuildPhase section */
		AE321E201C82472A000D0BAF /* Resources */ = {
			isa = PBXResourcesBuildPhase;
			buildActionMask = 2147483647;
			files = (
				AE321E321C82472A000D0BAF /* LaunchScreen.storyboard in Resources */,
				AE321E2F1C82472A000D0BAF /* Assets.xcassets in Resources */,
				AE321E2D1C82472A000D0BAF /* Main.storyboard in Resources */,
			);
			runOnlyForDeploymentPostprocessing = 0;
		};
		AEF4A05F1C82488D005526DF /* Resources */ = {
			isa = PBXResourcesBuildPhase;
			buildActionMask = 2147483647;
			files = (
				AEFCCD521C824A3500560F4A /* Assets.xcassets in Resources */,
				AEF4A0671C82488D005526DF /* MainInterface.storyboard in Resources */,
			);
			runOnlyForDeploymentPostprocessing = 0;
		};
/* End PBXResourcesBuildPhase section */

/* Begin PBXSourcesBuildPhase section */
		AE321E1E1C82472A000D0BAF /* Sources */ = {
			isa = PBXSourcesBuildPhase;
			buildActionMask = 2147483647;
			files = (
				AE7FB28B1C83CA1B00399293 /* JobsVC.swift in Sources */,
				AEE588461CCDA33D00CA96B4 /* JobCell.swift in Sources */,
				AE321E261C82472A000D0BAF /* AppDelegate.swift in Sources */,
			);
			runOnlyForDeploymentPostprocessing = 0;
		};
		AEF4A05D1C82488D005526DF /* Sources */ = {
			isa = PBXSourcesBuildPhase;
			buildActionMask = 2147483647;
			files = (
				AEF4A0641C82488D005526DF /* ShareViewController.swift in Sources */,
			);
			runOnlyForDeploymentPostprocessing = 0;
		};
/* End PBXSourcesBuildPhase section */

/* Begin PBXTargetDependency section */
		AEF4A06A1C82488D005526DF /* PBXTargetDependency */ = {
			isa = PBXTargetDependency;
			target = AEF4A0601C82488D005526DF /* job-saver */;
			targetProxy = AEF4A0691C82488D005526DF /* PBXContainerItemProxy */;
		};
/* End PBXTargetDependency section */

/* Begin PBXVariantGroup section */
		AE321E2B1C82472A000D0BAF /* Main.storyboard */ = {
			isa = PBXVariantGroup;
			children = (
				AE321E2C1C82472A000D0BAF /* Base */,
			);
			name = Main.storyboard;
			sourceTree = "<group>";
		};
		AE321E301C82472A000D0BAF /* LaunchScreen.storyboard */ = {
			isa = PBXVariantGroup;
			children = (
				AE321E311C82472A000D0BAF /* Base */,
			);
			name = LaunchScreen.storyboard;
			sourceTree = "<group>";
		};
		AEF4A0651C82488D005526DF /* MainInterface.storyboard */ = {
			isa = PBXVariantGroup;
			children = (
				AEF4A0661C82488D005526DF /* Base */,
			);
			name = MainInterface.storyboard;
			sourceTree = "<group>";
		};
/* End PBXVariantGroup section */

/* Begin XCBuildConfiguration section */
		AE321E341C82472A000D0BAF /* Debug */ = {
			isa = XCBuildConfiguration;
			buildSettings = {
				ALWAYS_SEARCH_USER_PATHS = NO;
				CLANG_CXX_LANGUAGE_STANDARD = "gnu++0x";
				CLANG_CXX_LIBRARY = "libc++";
				CLANG_ENABLE_MODULES = YES;
				CLANG_ENABLE_OBJC_ARC = YES;
				CLANG_WARN_BOOL_CONVERSION = YES;
				CLANG_WARN_CONSTANT_CONVERSION = YES;
				CLANG_WARN_DIRECT_OBJC_ISA_USAGE = YES_ERROR;
				CLANG_WARN_EMPTY_BODY = YES;
				CLANG_WARN_ENUM_CONVERSION = YES;
				CLANG_WARN_INT_CONVERSION = YES;
				CLANG_WARN_OBJC_ROOT_CLASS = YES_ERROR;
				CLANG_WARN_UNREACHABLE_CODE = YES;
				CLANG_WARN__DUPLICATE_METHOD_MATCH = YES;
				"CODE_SIGN_IDENTITY[sdk=iphoneos*]" = "iPhone Developer";
				COPY_PHASE_STRIP = NO;
				DEBUG_INFORMATION_FORMAT = dwarf;
				ENABLE_STRICT_OBJC_MSGSEND = YES;
				ENABLE_TESTABILITY = YES;
				GCC_C_LANGUAGE_STANDARD = gnu99;
				GCC_DYNAMIC_NO_PIC = NO;
				GCC_NO_COMMON_BLOCKS = YES;
				GCC_OPTIMIZATION_LEVEL = 0;
				GCC_PREPROCESSOR_DEFINITIONS = (
					"DEBUG=1",
					"$(inherited)",
				);
				GCC_WARN_64_TO_32_BIT_CONVERSION = YES;
				GCC_WARN_ABOUT_RETURN_TYPE = YES_ERROR;
				GCC_WARN_UNDECLARED_SELECTOR = YES;
				GCC_WARN_UNINITIALIZED_AUTOS = YES_AGGRESSIVE;
				GCC_WARN_UNUSED_FUNCTION = YES;
				GCC_WARN_UNUSED_VARIABLE = YES;
				IPHONEOS_DEPLOYMENT_TARGET = 9.2;
				MTL_ENABLE_DEBUG_INFO = YES;
				ONLY_ACTIVE_ARCH = YES;
				SDKROOT = iphoneos;
				SWIFT_OPTIMIZATION_LEVEL = "-Onone";
			};
			name = Debug;
		};
		AE321E351C82472A000D0BAF /* Release */ = {
			isa = XCBuildConfiguration;
			buildSettings = {
				ALWAYS_SEARCH_USER_PATHS = NO;
				CLANG_CXX_LANGUAGE_STANDARD = "gnu++0x";
				CLANG_CXX_LIBRARY = "libc++";
				CLANG_ENABLE_MODULES = YES;
				CLANG_ENABLE_OBJC_ARC = YES;
				CLANG_WARN_BOOL_CONVERSION = YES;
				CLANG_WARN_CONSTANT_CONVERSION = YES;
				CLANG_WARN_DIRECT_OBJC_ISA_USAGE = YES_ERROR;
				CLANG_WARN_EMPTY_BODY = YES;
				CLANG_WARN_ENUM_CONVERSION = YES;
				CLANG_WARN_INT_CONVERSION = YES;
				CLANG_WARN_OBJC_ROOT_CLASS = YES_ERROR;
				CLANG_WARN_UNREACHABLE_CODE = YES;
				CLANG_WARN__DUPLICATE_METHOD_MATCH = YES;
				"CODE_SIGN_IDENTITY[sdk=iphoneos*]" = "iPhone Developer";
				COPY_PHASE_STRIP = NO;
				DEBUG_INFORMATION_FORMAT = "dwarf-with-dsym";
				ENABLE_NS_ASSERTIONS = NO;
				ENABLE_STRICT_OBJC_MSGSEND = YES;
				GCC_C_LANGUAGE_STANDARD = gnu99;
				GCC_NO_COMMON_BLOCKS = YES;
				GCC_WARN_64_TO_32_BIT_CONVERSION = YES;
				GCC_WARN_ABOUT_RETURN_TYPE = YES_ERROR;
				GCC_WARN_UNDECLARED_SELECTOR = YES;
				GCC_WARN_UNINITIALIZED_AUTOS = YES_AGGRESSIVE;
				GCC_WARN_UNUSED_FUNCTION = YES;
				GCC_WARN_UNUSED_VARIABLE = YES;
				IPHONEOS_DEPLOYMENT_TARGET = 9.2;
				MTL_ENABLE_DEBUG_INFO = NO;
				SDKROOT = iphoneos;
				VALIDATE_PRODUCT = YES;
			};
			name = Release;
		};
		AE321E371C82472A000D0BAF /* Debug */ = {
			isa = XCBuildConfiguration;
			buildSettings = {
				ASSETCATALOG_COMPILER_APPICON_NAME = AppIcon;
				CODE_SIGN_ENTITLEMENTS = "job-search/job-search.entitlements";
				CODE_SIGN_IDENTITY = "iPhone Developer";
				"CODE_SIGN_IDENTITY[sdk=iphoneos*]" = "iPhone Developer";
				EMBEDDED_CONTENT_CONTAINS_SWIFT = YES;
				INFOPLIST_FILE = "job-search/Info.plist";
				LD_RUNPATH_SEARCH_PATHS = "$(inherited) @executable_path/Frameworks";
				PRODUCT_BUNDLE_IDENTIFIER = "ca.sundeepgupta.job-search";
				PRODUCT_NAME = "$(TARGET_NAME)";
				PROVISIONING_PROFILE = "";
			};
			name = Debug;
		};
		AE321E381C82472A000D0BAF /* Release */ = {
			isa = XCBuildConfiguration;
			buildSettings = {
				ASSETCATALOG_COMPILER_APPICON_NAME = AppIcon;
				CODE_SIGN_ENTITLEMENTS = "job-search/job-search.entitlements";
				CODE_SIGN_IDENTITY = "iPhone Developer";
				"CODE_SIGN_IDENTITY[sdk=iphoneos*]" = "iPhone Developer";
				EMBEDDED_CONTENT_CONTAINS_SWIFT = YES;
				INFOPLIST_FILE = "job-search/Info.plist";
				LD_RUNPATH_SEARCH_PATHS = "$(inherited) @executable_path/Frameworks";
				PRODUCT_BUNDLE_IDENTIFIER = "ca.sundeepgupta.job-search";
				PRODUCT_NAME = "$(TARGET_NAME)";
				PROVISIONING_PROFILE = "";
			};
			name = Release;
		};
		AEF4A06C1C82488D005526DF /* Debug */ = {
			isa = XCBuildConfiguration;
			buildSettings = {
				ASSETCATALOG_COMPILER_APPICON_NAME = AppIcon;
				CODE_SIGN_ENTITLEMENTS = "job-saver/job-saver.entitlements";
				CODE_SIGN_IDENTITY = "iPhone Developer";
				"CODE_SIGN_IDENTITY[sdk=iphoneos*]" = "iPhone Developer";
				INFOPLIST_FILE = "job-saver/Info.plist";
				LD_RUNPATH_SEARCH_PATHS = "$(inherited) @executable_path/Frameworks @executable_path/../../Frameworks";
				PRODUCT_BUNDLE_IDENTIFIER = "ca.sundeepgupta.job-search.job-saver";
				PRODUCT_NAME = "$(TARGET_NAME)";
				PROVISIONING_PROFILE = "";
				SKIP_INSTALL = YES;
			};
			name = Debug;
		};
		AEF4A06D1C82488D005526DF /* Release */ = {
			isa = XCBuildConfiguration;
			buildSettings = {
				ASSETCATALOG_COMPILER_APPICON_NAME = AppIcon;
				CODE_SIGN_ENTITLEMENTS = "job-saver/job-saver.entitlements";
				CODE_SIGN_IDENTITY = "iPhone Developer";
				"CODE_SIGN_IDENTITY[sdk=iphoneos*]" = "iPhone Developer";
				INFOPLIST_FILE = "job-saver/Info.plist";
				LD_RUNPATH_SEARCH_PATHS = "$(inherited) @executable_path/Frameworks @executable_path/../../Frameworks";
				PRODUCT_BUNDLE_IDENTIFIER = "ca.sundeepgupta.job-search.job-saver";
				PRODUCT_NAME = "$(TARGET_NAME)";
				PROVISIONING_PROFILE = "";
				SKIP_INSTALL = YES;
			};
			name = Release;
		};
/* End XCBuildConfiguration section */

/* Begin XCConfigurationList section */
		AE321E1D1C82472A000D0BAF /* Build configuration list for PBXProject "job-search" */ = {
			isa = XCConfigurationList;
			buildConfigurations = (
				AE321E341C82472A000D0BAF /* Debug */,
				AE321E351C82472A000D0BAF /* Release */,
			);
			defaultConfigurationIsVisible = 0;
			defaultConfigurationName = Release;
		};
		AE321E361C82472A000D0BAF /* Build configuration list for PBXNativeTarget "job-search" */ = {
			isa = XCConfigurationList;
			buildConfigurations = (
				AE321E371C82472A000D0BAF /* Debug */,
				AE321E381C82472A000D0BAF /* Release */,
			);
			defaultConfigurationIsVisible = 0;
			defaultConfigurationName = Release;
		};
		AEF4A06E1C82488D005526DF /* Build configuration list for PBXNativeTarget "job-saver" */ = {
			isa = XCConfigurationList;
			buildConfigurations = (
				AEF4A06C1C82488D005526DF /* Debug */,
				AEF4A06D1C82488D005526DF /* Release */,
			);
			defaultConfigurationIsVisible = 0;
			defaultConfigurationName = Release;
		};
/* End XCConfigurationList section */
	};
	rootObject = AE321E1A1C82472A000D0BAF /* Project object */;
}
